PODS:
  - Alamofire (4.6.0)
  - AlamofireImage (3.3.0):
    - Alamofire (~> 4.5)
  - Bolts/Tasks (1.9.0)
  - Parse (1.15.4):
    - Bolts/Tasks (~> 1.9)
  - TextFieldEffects (1.4.0)

DEPENDENCIES:
  - Alamofire
  - AlamofireImage
  - Parse
  - TextFieldEffects

SPEC CHECKSUMS:
  Alamofire: f41a599bd63041760b26d393ec1069d9d7b917f4
  AlamofireImage: 2e784dc5d00f04903a52c1d169181469c805c3df
  Bolts: ac6567323eac61e203f6a9763667d0f711be34c8
  Parse: 1968c634e1c782fb31aad6872f6d32de911bb122
  TextFieldEffects: 4ee41b5216e674d55fb6ac25107bf1af7629176f

PODFILE CHECKSUM: 7388b8a8af87ff0f340dac80a158140cd50d4df1

COCOAPODS: 1.4.0
